
Microsoft Visual Studio Solution File, Format Version 12.00
# Visual Studio Version 17
VisualStudioVersion = 17.0.31903.59
MinimumVisualStudioVersion = 10.0.40219.1
Project("{FAE04EC0-301F-11D3-BF4B-00C04F79EFBC}") = "Playground", "Playground\Playground.csproj", "{D03E2626-FCB4-44E0-AFF3-BF265EF92640}"
EndProject
Project("{FAE04EC0-301F-11D3-BF4B-00C04F79EFBC}") = "Tests", "Tests\Tests.csproj", "{D82FBB68-5AC2-469F-BE24-2D2EFD81165A}"
EndProject
Global
	GlobalSection(SolutionConfigurationPlatforms) = preSolution
		Debug|Any CPU = Debug|Any CPU
		Release|Any CPU = Release|Any CPU
	EndGlobalSection
	GlobalSection(SolutionProperties) = preSolution
		HideSolutionNode = FALSE
	EndGlobalSection
	GlobalSection(ProjectConfigurationPlatforms) = postSolution
		{D03E2626-FCB4-44E0-AFF3-BF265EF92640}.Debug|Any CPU.ActiveCfg = Debug|Any CPU
		{D03E2626-FCB4-44E0-AFF3-BF265EF92640}.Debug|Any CPU.Build.0 = Debug|Any CPU
		{D03E2626-FCB4-44E0-AFF3-BF265EF92640}.Release|Any CPU.ActiveCfg = Release|Any CPU
		{D03E2626-FCB4-44E0-AFF3-BF265EF92640}.Release|Any CPU.Build.0 = Release|Any CPU
		{D82FBB68-5AC2-469F-BE24-2D2EFD81165A}.Debug|Any CPU.ActiveCfg = Debug|Any CPU
		{D82FBB68-5AC2-469F-BE24-2D2EFD81165A}.Debug|Any CPU.Build.0 = Debug|Any CPU
		{D82FBB68-5AC2-469F-BE24-2D2EFD81165A}.Release|Any CPU.ActiveCfg = Release|Any CPU
		{D82FBB68-5AC2-469F-BE24-2D2EFD81165A}.Release|Any CPU.Build.0 = Release|Any CPU
	EndGlobalSection
EndGlobal
